
Microsoft Visual Studio Solution File, Format Version 11.00
# Visual Studio 2010
Project("{8BC9CEB8-8B4A-11D0-8D11-00A0C91BC942}") = "DesicionTree", "DesicionTree\DesicionTree.vcxproj", "{E9CD8E9A-7DDE-4F1A-ACED-4142A8E9180F}"
EndProject
Global
	GlobalSection(SolutionConfigurationPlatforms) = preSolution
		Debug|Win32 = Debug|Win32
		Release|Win32 = Release|Win32
	EndGlobalSection
	GlobalSection(ProjectConfigurationPlatforms) = postSolution
		{E9CD8E9A-7DDE-4F1A-ACED-4142A8E9180F}.Debug|Win32.ActiveCfg = Debug|Win32
		{E9CD8E9A-7DDE-4F1A-ACED-4142A8E9180F}.Debug|Win32.Build.0 = Debug|Win32
		{E9CD8E9A-7DDE-4F1A-ACED-4142A8E9180F}.Release|Win32.ActiveCfg = Release|Win32
		{E9CD8E9A-7DDE-4F1A-ACED-4142A8E9180F}.Release|Win32.Build.0 = Release|Win32
	EndGlobalSection
	GlobalSection(SolutionProperties) = preSolution
		HideSolutionNode = FALSE
	EndGlobalSection
EndGlobal
